
Microsoft Visual Studio Solution File, Format Version 12.00
# Visual Studio Version 17
VisualStudioVersion = 17.4.33205.214
MinimumVisualStudioVersion = 10.0.40219.1
Project("{9A19103F-16F7-4668-BE54-9A1E7A4F7556}") = "Entities", "Entities\Entities.csproj", "{ECD88696-62C4-446F-8F8C-E251C193387E}"
EndProject
Project("{9A19103F-16F7-4668-BE54-9A1E7A4F7556}") = "DataAccess", "DataAccess\DataAccess.csproj", "{DA0AC483-72ED-40F2-9824-EC13C79ECB5A}"
EndProject
Project("{9A19103F-16F7-4668-BE54-9A1E7A4F7556}") = "Core", "Core\Core.csproj", "{C0E8BED3-206E-40BD-AF18-DF186A12D8C6}"
EndProject
Project("{9A19103F-16F7-4668-BE54-9A1E7A4F7556}") = "Business", "Business\Business.csproj", "{4ED92225-CEB0-455C-8046-471B5518B763}"
EndProject
Project("{FAE04EC0-301F-11D3-BF4B-00C04F79EFBC}") = "Form UI", "Form UI\Form UI.csproj", "{EABA9337-388A-44E5-A4FD-1CC17AFAA7DF}"
EndProject
Global
	GlobalSection(SolutionConfigurationPlatforms) = preSolution
		Debug|Any CPU = Debug|Any CPU
		Release|Any CPU = Release|Any CPU
	EndGlobalSection
	GlobalSection(ProjectConfigurationPlatforms) = postSolution
		{ECD88696-62C4-446F-8F8C-E251C193387E}.Debug|Any CPU.ActiveCfg = Debug|Any CPU
		{ECD88696-62C4-446F-8F8C-E251C193387E}.Debug|Any CPU.Build.0 = Debug|Any CPU
		{ECD88696-62C4-446F-8F8C-E251C193387E}.Release|Any CPU.ActiveCfg = Release|Any CPU
		{ECD88696-62C4-446F-8F8C-E251C193387E}.Release|Any CPU.Build.0 = Release|Any CPU
		{DA0AC483-72ED-40F2-9824-EC13C79ECB5A}.Debug|Any CPU.ActiveCfg = Debug|Any CPU
		{DA0AC483-72ED-40F2-9824-EC13C79ECB5A}.Debug|Any CPU.Build.0 = Debug|Any CPU
		{DA0AC483-72ED-40F2-9824-EC13C79ECB5A}.Release|Any CPU.ActiveCfg = Release|Any CPU
		{DA0AC483-72ED-40F2-9824-EC13C79ECB5A}.Release|Any CPU.Build.0 = Release|Any CPU
		{C0E8BED3-206E-40BD-AF18-DF186A12D8C6}.Debug|Any CPU.ActiveCfg = Debug|Any CPU
		{C0E8BED3-206E-40BD-AF18-DF186A12D8C6}.Debug|Any CPU.Build.0 = Debug|Any CPU
		{C0E8BED3-206E-40BD-AF18-DF186A12D8C6}.Release|Any CPU.ActiveCfg = Release|Any CPU
		{C0E8BED3-206E-40BD-AF18-DF186A12D8C6}.Release|Any CPU.Build.0 = Release|Any CPU
		{4ED92225-CEB0-455C-8046-471B5518B763}.Debug|Any CPU.ActiveCfg = Debug|Any CPU
		{4ED92225-CEB0-455C-8046-471B5518B763}.Debug|Any CPU.Build.0 = Debug|Any CPU
		{4ED92225-CEB0-455C-8046-471B5518B763}.Release|Any CPU.ActiveCfg = Release|Any CPU
		{4ED92225-CEB0-455C-8046-471B5518B763}.Release|Any CPU.Build.0 = Release|Any CPU
		{EABA9337-388A-44E5-A4FD-1CC17AFAA7DF}.Debug|Any CPU.ActiveCfg = Debug|Any CPU
		{EABA9337-388A-44E5-A4FD-1CC17AFAA7DF}.Debug|Any CPU.Build.0 = Debug|Any CPU
		{EABA9337-388A-44E5-A4FD-1CC17AFAA7DF}.Release|Any CPU.ActiveCfg = Release|Any CPU
		{EABA9337-388A-44E5-A4FD-1CC17AFAA7DF}.Release|Any CPU.Build.0 = Release|Any CPU
	EndGlobalSection
	GlobalSection(SolutionProperties) = preSolution
		HideSolutionNode = FALSE
	EndGlobalSection
	GlobalSection(ExtensibilityGlobals) = postSolution
		SolutionGuid = {294FC022-0291-4EE2-97DE-063A83C09743}
	EndGlobalSection
EndGlobal
